
Microsoft Visual Studio Solution File, Format Version 12.00
# Visual Studio Version 16
VisualStudioVersion = 16.0.31019.35
MinimumVisualStudioVersion = 10.0.40219.1
Project("{9A19103F-16F7-4668-BE54-9A1E7A4F7556}") = "Entities", "Entities\Entities.csproj", "{399CCADA-4DE9-4A55-99FA-592BA6A05710}"
EndProject
Project("{9A19103F-16F7-4668-BE54-9A1E7A4F7556}") = "DataAccess", "DataAccess\DataAccess.csproj", "{B495360D-62E5-486B-8871-D58FDFAB020E}"
EndProject
Project("{9A19103F-16F7-4668-BE54-9A1E7A4F7556}") = "BusinessLogic", "BusinessLogic\BusinessLogic.csproj", "{99FA45BC-FF19-40AC-AD10-086053B89774}"
EndProject
Project("{2150E333-8FDC-42A3-9474-1A3956D46DE8}") = "99 - UnitTests", "99 - UnitTests", "{75561DA2-2105-4678-8EE3-3D514FF34454}"
EndProject
Project("{2150E333-8FDC-42A3-9474-1A3956D46DE8}") = "01 - Entities", "01 - Entities", "{3A8C58B5-087C-4D69-BA89-E26A2BBB9252}"
EndProject
Project("{2150E333-8FDC-42A3-9474-1A3956D46DE8}") = "02 - Models", "02 - Models", "{9EDCE3A1-89A4-49FB-8C2A-B3FCE91A3BBB}"
EndProject
Project("{2150E333-8FDC-42A3-9474-1A3956D46DE8}") = "03 - DataAccess", "03 - DataAccess", "{77166257-763B-4623-8255-328131D4102C}"
EndProject
Project("{2150E333-8FDC-42A3-9474-1A3956D46DE8}") = "04 - BusinessLogic", "04 - BusinessLogic", "{2AA8BA3A-5BE0-4952-B4CD-CFAEC366F6BB}"
EndProject
Project("{2150E333-8FDC-42A3-9474-1A3956D46DE8}") = "05 - Services", "05 - Services", "{B728F207-65FF-494F-84E3-FDC6370468AD}"
EndProject
Project("{2150E333-8FDC-42A3-9474-1A3956D46DE8}") = "04 - BusinessLogic - Tests", "04 - BusinessLogic - Tests", "{0B5963BB-A654-4496-884B-4007E0826EDE}"
EndProject
Project("{2150E333-8FDC-42A3-9474-1A3956D46DE8}") = "05 - Services - Tests", "05 - Services - Tests", "{90127A63-0968-4DD8-829A-669F0C955525}"
EndProject
Project("{9A19103F-16F7-4668-BE54-9A1E7A4F7556}") = "Service", "Service\Service.csproj", "{44AC0B86-C556-4F3F-AA0B-39634EC40FDB}"
EndProject
Project("{2150E333-8FDC-42A3-9474-1A3956D46DE8}") = "00 - Common", "00 - Common", "{6E5E6475-1EB0-4AA6-A914-3C6E44661CD3}"
EndProject
Project("{9A19103F-16F7-4668-BE54-9A1E7A4F7556}") = "Common.Constraints", "Common.Constraints\Common.Constraints.csproj", "{8EF009F3-153C-4E98-A78C-EF776802BDD1}"
EndProject
Project("{9A19103F-16F7-4668-BE54-9A1E7A4F7556}") = "TrendsMicroservice.IntegrationTests", "TrendsMicroservice.IntegrationTests\TrendsMicroservice.IntegrationTests.csproj", "{51D54F50-EF3D-4FDF-84A0-60506DD71434}"
EndProject
Project("{2150E333-8FDC-42A3-9474-1A3956D46DE8}") = "98 - IntegrationTests", "98 - IntegrationTests", "{7BEC9FC3-1D8B-4AAC-88C3-93E9B1C00B20}"
EndProject
Project("{9A19103F-16F7-4668-BE54-9A1E7A4F7556}") = "TrendsModels", "Models\TrendsModels.csproj", "{0FBA224F-BC80-4F2B-B3C0-59FF89F04467}"
EndProject
Global
	GlobalSection(SolutionConfigurationPlatforms) = preSolution
		Debug|Any CPU = Debug|Any CPU
		Release|Any CPU = Release|Any CPU
	EndGlobalSection
	GlobalSection(ProjectConfigurationPlatforms) = postSolution
		{399CCADA-4DE9-4A55-99FA-592BA6A05710}.Debug|Any CPU.ActiveCfg = Debug|Any CPU
		{399CCADA-4DE9-4A55-99FA-592BA6A05710}.Debug|Any CPU.Build.0 = Debug|Any CPU
		{399CCADA-4DE9-4A55-99FA-592BA6A05710}.Release|Any CPU.ActiveCfg = Release|Any CPU
		{399CCADA-4DE9-4A55-99FA-592BA6A05710}.Release|Any CPU.Build.0 = Release|Any CPU
		{B495360D-62E5-486B-8871-D58FDFAB020E}.Debug|Any CPU.ActiveCfg = Debug|Any CPU
		{B495360D-62E5-486B-8871-D58FDFAB020E}.Debug|Any CPU.Build.0 = Debug|Any CPU
		{B495360D-62E5-486B-8871-D58FDFAB020E}.Release|Any CPU.ActiveCfg = Release|Any CPU
		{B495360D-62E5-486B-8871-D58FDFAB020E}.Release|Any CPU.Build.0 = Release|Any CPU
		{99FA45BC-FF19-40AC-AD10-086053B89774}.Debug|Any CPU.ActiveCfg = Debug|Any CPU
		{99FA45BC-FF19-40AC-AD10-086053B89774}.Debug|Any CPU.Build.0 = Debug|Any CPU
		{99FA45BC-FF19-40AC-AD10-086053B89774}.Release|Any CPU.ActiveCfg = Release|Any CPU
		{99FA45BC-FF19-40AC-AD10-086053B89774}.Release|Any CPU.Build.0 = Release|Any CPU
		{44AC0B86-C556-4F3F-AA0B-39634EC40FDB}.Debug|Any CPU.ActiveCfg = Debug|Any CPU
		{44AC0B86-C556-4F3F-AA0B-39634EC40FDB}.Debug|Any CPU.Build.0 = Debug|Any CPU
		{44AC0B86-C556-4F3F-AA0B-39634EC40FDB}.Release|Any CPU.ActiveCfg = Release|Any CPU
		{44AC0B86-C556-4F3F-AA0B-39634EC40FDB}.Release|Any CPU.Build.0 = Release|Any CPU
		{8EF009F3-153C-4E98-A78C-EF776802BDD1}.Debug|Any CPU.ActiveCfg = Debug|Any CPU
		{8EF009F3-153C-4E98-A78C-EF776802BDD1}.Debug|Any CPU.Build.0 = Debug|Any CPU
		{8EF009F3-153C-4E98-A78C-EF776802BDD1}.Release|Any CPU.ActiveCfg = Release|Any CPU
		{8EF009F3-153C-4E98-A78C-EF776802BDD1}.Release|Any CPU.Build.0 = Release|Any CPU
		{51D54F50-EF3D-4FDF-84A0-60506DD71434}.Debug|Any CPU.ActiveCfg = Debug|Any CPU
		{51D54F50-EF3D-4FDF-84A0-60506DD71434}.Debug|Any CPU.Build.0 = Debug|Any CPU
		{51D54F50-EF3D-4FDF-84A0-60506DD71434}.Release|Any CPU.ActiveCfg = Release|Any CPU
		{51D54F50-EF3D-4FDF-84A0-60506DD71434}.Release|Any CPU.Build.0 = Release|Any CPU
		{0FBA224F-BC80-4F2B-B3C0-59FF89F04467}.Debug|Any CPU.ActiveCfg = Debug|Any CPU
		{0FBA224F-BC80-4F2B-B3C0-59FF89F04467}.Debug|Any CPU.Build.0 = Debug|Any CPU
		{0FBA224F-BC80-4F2B-B3C0-59FF89F04467}.Release|Any CPU.ActiveCfg = Release|Any CPU
		{0FBA224F-BC80-4F2B-B3C0-59FF89F04467}.Release|Any CPU.Build.0 = Release|Any CPU
	EndGlobalSection
	GlobalSection(SolutionProperties) = preSolution
		HideSolutionNode = FALSE
	EndGlobalSection
	GlobalSection(NestedProjects) = preSolution
		{399CCADA-4DE9-4A55-99FA-592BA6A05710} = {3A8C58B5-087C-4D69-BA89-E26A2BBB9252}
		{B495360D-62E5-486B-8871-D58FDFAB020E} = {77166257-763B-4623-8255-328131D4102C}
		{99FA45BC-FF19-40AC-AD10-086053B89774} = {2AA8BA3A-5BE0-4952-B4CD-CFAEC366F6BB}
		{0B5963BB-A654-4496-884B-4007E0826EDE} = {75561DA2-2105-4678-8EE3-3D514FF34454}
		{90127A63-0968-4DD8-829A-669F0C955525} = {75561DA2-2105-4678-8EE3-3D514FF34454}
		{44AC0B86-C556-4F3F-AA0B-39634EC40FDB} = {B728F207-65FF-494F-84E3-FDC6370468AD}
		{8EF009F3-153C-4E98-A78C-EF776802BDD1} = {6E5E6475-1EB0-4AA6-A914-3C6E44661CD3}
		{51D54F50-EF3D-4FDF-84A0-60506DD71434} = {7BEC9FC3-1D8B-4AAC-88C3-93E9B1C00B20}
		{0FBA224F-BC80-4F2B-B3C0-59FF89F04467} = {9EDCE3A1-89A4-49FB-8C2A-B3FCE91A3BBB}
	EndGlobalSection
	GlobalSection(ExtensibilityGlobals) = postSolution
		SolutionGuid = {EA25AEEA-3C9A-4D5E-AE4F-9ED902A4546E}
	EndGlobalSection
EndGlobal
