
Microsoft Visual Studio Solution File, Format Version 12.00
# Visual Studio Version 16
VisualStudioVersion = 16.0.31019.35
MinimumVisualStudioVersion = 10.0.40219.1
Project("{9A19103F-16F7-4668-BE54-9A1E7A4F7556}") = "Service", "Service\Service.csproj", "{FEC63D77-AD4B-4383-87E5-597711B88F60}"
EndProject
Project("{2150E333-8FDC-42A3-9474-1A3956D46DE8}") = "05 - Services", "05 - Services", "{A1C7ECDD-20D5-44B9-9300-0A5CDF8FEC1D}"
EndProject                                                                                                
Project("{2150E333-8FDC-42A3-9474-1A3956D46DE8}") = "04 - BusinessLogic", "04 - BusinessLogic", "{D3DAC50B-99F2-48F1-82C5-9E011DE96F5A}"
EndProject
Project("{2150E333-8FDC-42A3-9474-1A3956D46DE8}") = "03 - DataAccess", "03 - DataAccess", "{748DA26F-D6D6-4FBB-B0F8-F8E90A7E320B}"
EndProject
Project("{9A19103F-16F7-4668-BE54-9A1E7A4F7556}") = "BusinessLogic", "BusinessLogic\BusinessLogic.csproj", "{DD99BB7E-05E5-4885-9BEA-3EEA8B83A6D9}"
EndProject
Project("{9A19103F-16F7-4668-BE54-9A1E7A4F7556}") = "DataAccess", "DataAccess\DataAccess.csproj", "{ED3DA164-87AC-47FC-AD8F-6F6472B75E42}"
EndProject
Project("{2150E333-8FDC-42A3-9474-1A3956D46DE8}") = "01 - Entities", "01 - Entities", "{94DBEC1D-0A0E-4BDA-9978-6719BAFDDDE7}"
EndProject
Project("{2150E333-8FDC-42A3-9474-1A3956D46DE8}") = "02 - Models", "02 - Models", "{CDB2EDF7-DA85-4BAB-9C41-8C57B57C254B}"
EndProject
Project("{9A19103F-16F7-4668-BE54-9A1E7A4F7556}") = "Entities", "Entities\Entities.csproj", "{00C72D8A-D0CB-4E02-AF9A-FBD528C43615}"
EndProject
Project("{2150E333-8FDC-42A3-9474-1A3956D46DE8}") = "00 - Common", "00 - Common", "{284EC08C-C523-4A9A-A68A-48EAE779A420}"
EndProject
Project("{9A19103F-16F7-4668-BE54-9A1E7A4F7556}") = "Common", "Common\Common.csproj", "{49D8832C-7E1D-47CA-8144-331649A4F337}"
EndProject
Project("{9A19103F-16F7-4668-BE54-9A1E7A4F7556}") = "UsersModels", "Models\UsersModels.csproj", "{0B642C29-6F88-462A-850C-65E2EA685C43}"
EndProject
Project("{2150E333-8FDC-42A3-9474-1A3956D46DE8}") = "98 - IntegrationTests", "98 - IntegrationTests", "{286DA63C-1EEF-4B78-B691-98DCDCEF4345}"
EndProject
Project("{2150E333-8FDC-42A3-9474-1A3956D46DE8}") = "99 - UnitTests", "99 - UnitTests", "{AC0EB21F-AF3B-4ADA-A35F-C3A971EFBA4F}"
EndProject
Project("{2150E333-8FDC-42A3-9474-1A3956D46DE8}") = "04 - BusinessLogic - Tests", "04 - BusinessLogic - Tests", "{AFBB02F4-49EC-4AF9-B37B-B0117E7FC878}"
EndProject
Project("{FAE04EC0-301F-11D3-BF4B-00C04F79EFBC}") = "BusinessLogic.Tests", "BusinessLogic.Tests\BusinessLogic.Tests.csproj", "{84823CD9-1888-44E0-B1F1-B8918D550423}"
EndProject
Project("{FAE04EC0-301F-11D3-BF4B-00C04F79EFBC}") = "UsersAuthMicroservice.IntegrationTests", "UsersAuthMicroservice.IntegrationTests\UsersAuthMicroservice.IntegrationTests.csproj", "{9B90F9A7-BDFB-4542-A22C-37939C17B618}"
EndProject
Global
	GlobalSection(SolutionConfigurationPlatforms) = preSolution
		Debug|Any CPU = Debug|Any CPU
		Release|Any CPU = Release|Any CPU
	EndGlobalSection
	GlobalSection(ProjectConfigurationPlatforms) = postSolution
		{FEC63D77-AD4B-4383-87E5-597711B88F60}.Debug|Any CPU.ActiveCfg = Debug|Any CPU
		{FEC63D77-AD4B-4383-87E5-597711B88F60}.Debug|Any CPU.Build.0 = Debug|Any CPU
		{FEC63D77-AD4B-4383-87E5-597711B88F60}.Release|Any CPU.ActiveCfg = Release|Any CPU
		{FEC63D77-AD4B-4383-87E5-597711B88F60}.Release|Any CPU.Build.0 = Release|Any CPU
		{DD99BB7E-05E5-4885-9BEA-3EEA8B83A6D9}.Debug|Any CPU.ActiveCfg = Debug|Any CPU
		{DD99BB7E-05E5-4885-9BEA-3EEA8B83A6D9}.Debug|Any CPU.Build.0 = Debug|Any CPU
		{DD99BB7E-05E5-4885-9BEA-3EEA8B83A6D9}.Release|Any CPU.ActiveCfg = Release|Any CPU
		{DD99BB7E-05E5-4885-9BEA-3EEA8B83A6D9}.Release|Any CPU.Build.0 = Release|Any CPU
		{ED3DA164-87AC-47FC-AD8F-6F6472B75E42}.Debug|Any CPU.ActiveCfg = Debug|Any CPU
		{ED3DA164-87AC-47FC-AD8F-6F6472B75E42}.Debug|Any CPU.Build.0 = Debug|Any CPU
		{ED3DA164-87AC-47FC-AD8F-6F6472B75E42}.Release|Any CPU.ActiveCfg = Release|Any CPU
		{ED3DA164-87AC-47FC-AD8F-6F6472B75E42}.Release|Any CPU.Build.0 = Release|Any CPU
		{00C72D8A-D0CB-4E02-AF9A-FBD528C43615}.Debug|Any CPU.ActiveCfg = Debug|Any CPU
		{00C72D8A-D0CB-4E02-AF9A-FBD528C43615}.Debug|Any CPU.Build.0 = Debug|Any CPU
		{00C72D8A-D0CB-4E02-AF9A-FBD528C43615}.Release|Any CPU.ActiveCfg = Release|Any CPU
		{00C72D8A-D0CB-4E02-AF9A-FBD528C43615}.Release|Any CPU.Build.0 = Release|Any CPU
		{49D8832C-7E1D-47CA-8144-331649A4F337}.Debug|Any CPU.ActiveCfg = Debug|Any CPU
		{49D8832C-7E1D-47CA-8144-331649A4F337}.Debug|Any CPU.Build.0 = Debug|Any CPU
		{49D8832C-7E1D-47CA-8144-331649A4F337}.Release|Any CPU.ActiveCfg = Release|Any CPU
		{49D8832C-7E1D-47CA-8144-331649A4F337}.Release|Any CPU.Build.0 = Release|Any CPU
		{0B642C29-6F88-462A-850C-65E2EA685C43}.Debug|Any CPU.ActiveCfg = Debug|Any CPU
		{0B642C29-6F88-462A-850C-65E2EA685C43}.Debug|Any CPU.Build.0 = Debug|Any CPU
		{0B642C29-6F88-462A-850C-65E2EA685C43}.Release|Any CPU.ActiveCfg = Release|Any CPU
		{0B642C29-6F88-462A-850C-65E2EA685C43}.Release|Any CPU.Build.0 = Release|Any CPU
		{84823CD9-1888-44E0-B1F1-B8918D550423}.Debug|Any CPU.ActiveCfg = Debug|Any CPU
		{84823CD9-1888-44E0-B1F1-B8918D550423}.Debug|Any CPU.Build.0 = Debug|Any CPU
		{84823CD9-1888-44E0-B1F1-B8918D550423}.Release|Any CPU.ActiveCfg = Release|Any CPU
		{84823CD9-1888-44E0-B1F1-B8918D550423}.Release|Any CPU.Build.0 = Release|Any CPU
		{9B90F9A7-BDFB-4542-A22C-37939C17B618}.Debug|Any CPU.ActiveCfg = Debug|Any CPU
		{9B90F9A7-BDFB-4542-A22C-37939C17B618}.Debug|Any CPU.Build.0 = Debug|Any CPU
		{9B90F9A7-BDFB-4542-A22C-37939C17B618}.Release|Any CPU.ActiveCfg = Release|Any CPU
		{9B90F9A7-BDFB-4542-A22C-37939C17B618}.Release|Any CPU.Build.0 = Release|Any CPU
	EndGlobalSection
	GlobalSection(SolutionProperties) = preSolution
		HideSolutionNode = FALSE
	EndGlobalSection
	GlobalSection(NestedProjects) = preSolution
		{FEC63D77-AD4B-4383-87E5-597711B88F60} = {A1C7ECDD-20D5-44B9-9300-0A5CDF8FEC1D}
		{DD99BB7E-05E5-4885-9BEA-3EEA8B83A6D9} = {D3DAC50B-99F2-48F1-82C5-9E011DE96F5A}
		{ED3DA164-87AC-47FC-AD8F-6F6472B75E42} = {748DA26F-D6D6-4FBB-B0F8-F8E90A7E320B}
		{00C72D8A-D0CB-4E02-AF9A-FBD528C43615} = {94DBEC1D-0A0E-4BDA-9978-6719BAFDDDE7}
		{49D8832C-7E1D-47CA-8144-331649A4F337} = {284EC08C-C523-4A9A-A68A-48EAE779A420}
		{0B642C29-6F88-462A-850C-65E2EA685C43} = {CDB2EDF7-DA85-4BAB-9C41-8C57B57C254B}
		{AFBB02F4-49EC-4AF9-B37B-B0117E7FC878} = {AC0EB21F-AF3B-4ADA-A35F-C3A971EFBA4F}
		{84823CD9-1888-44E0-B1F1-B8918D550423} = {AFBB02F4-49EC-4AF9-B37B-B0117E7FC878}
		{9B90F9A7-BDFB-4542-A22C-37939C17B618} = {286DA63C-1EEF-4B78-B691-98DCDCEF4345}
	EndGlobalSection
	GlobalSection(ExtensibilityGlobals) = postSolution
		SolutionGuid = {7A66B280-3DDA-48E5-8312-B4FC8263D737}
	EndGlobalSection
EndGlobal
