
Microsoft Visual Studio Solution File, Format Version 12.00
# Visual Studio Version 16
VisualStudioVersion = 16.0.31019.35
MinimumVisualStudioVersion = 10.0.40219.1
Project("{2150E333-8FDC-42A3-9474-1A3956D46DE8}") = "05 - Services", "05 - Services", "{CC3617AF-8633-4DB4-ADC8-5C8D9C28F923}"
EndProject
Project("{2150E333-8FDC-42A3-9474-1A3956D46DE8}") = "04 - BusinessLogic", "04 - BusinessLogic", "{8038029D-9DD0-478E-B1FA-C19831A33730}"
EndProject
Project("{2150E333-8FDC-42A3-9474-1A3956D46DE8}") = "03 - DataAccess", "03 - DataAccess", "{E8E8C215-D46C-4502-AB94-DE7D2E7E6C0C}"
EndProject
Project("{2150E333-8FDC-42A3-9474-1A3956D46DE8}") = "02 - Models", "02 - Models", "{0C2EC389-321B-48D2-A9E4-09178B3AFBC3}"
EndProject
Project("{2150E333-8FDC-42A3-9474-1A3956D46DE8}") = "01 - Entities", "01 - Entities", "{62967C54-C599-4372-B923-C57CE99312F2}"
EndProject
Project("{9A19103F-16F7-4668-BE54-9A1E7A4F7556}") = "BusinessLogic", "BusinessLogic\BusinessLogic.csproj", "{A441D942-555A-4DFA-975F-9F3857B69849}"
EndProject
Project("{9A19103F-16F7-4668-BE54-9A1E7A4F7556}") = "DataAccess", "DataAccess\DataAccess.csproj", "{2A797592-011D-4BC2-9648-FA18D2A58A81}"
EndProject
Project("{2150E333-8FDC-42A3-9474-1A3956D46DE8}") = "00 - Common", "00 - Common", "{C200314F-AFDF-4ABC-8B47-1E25B6EACE56}"
EndProject
Project("{9A19103F-16F7-4668-BE54-9A1E7A4F7556}") = "Service", "Service\Service.csproj", "{674D4A1C-706E-451F-BE23-639938A6FBC8}"
EndProject
Project("{FAE04EC0-301F-11D3-BF4B-00C04F79EFBC}") = "ImagesModels", "Models\ImagesModels.csproj", "{F8B96856-BCEA-42E6-9B21-D270CCFD8326}"
EndProject
Project("{FAE04EC0-301F-11D3-BF4B-00C04F79EFBC}") = "Entities", "..\Entities\Entities.csproj", "{1C6B9D64-5738-4066-B8D0-4F6A5AE3E8A2}"
EndProject
Project("{FAE04EC0-301F-11D3-BF4B-00C04F79EFBC}") = "Common", "..\Common\Common.csproj", "{1FC9EF10-4265-4971-B824-D05E4E402405}"
EndProject
Global
	GlobalSection(SolutionConfigurationPlatforms) = preSolution
		Debug|Any CPU = Debug|Any CPU
		Release|Any CPU = Release|Any CPU
	EndGlobalSection
	GlobalSection(ProjectConfigurationPlatforms) = postSolution
		{A441D942-555A-4DFA-975F-9F3857B69849}.Debug|Any CPU.ActiveCfg = Debug|Any CPU
		{A441D942-555A-4DFA-975F-9F3857B69849}.Debug|Any CPU.Build.0 = Debug|Any CPU
		{A441D942-555A-4DFA-975F-9F3857B69849}.Release|Any CPU.ActiveCfg = Release|Any CPU
		{A441D942-555A-4DFA-975F-9F3857B69849}.Release|Any CPU.Build.0 = Release|Any CPU
		{2A797592-011D-4BC2-9648-FA18D2A58A81}.Debug|Any CPU.ActiveCfg = Debug|Any CPU
		{2A797592-011D-4BC2-9648-FA18D2A58A81}.Debug|Any CPU.Build.0 = Debug|Any CPU
		{2A797592-011D-4BC2-9648-FA18D2A58A81}.Release|Any CPU.ActiveCfg = Release|Any CPU
		{2A797592-011D-4BC2-9648-FA18D2A58A81}.Release|Any CPU.Build.0 = Release|Any CPU
		{674D4A1C-706E-451F-BE23-639938A6FBC8}.Debug|Any CPU.ActiveCfg = Debug|Any CPU
		{674D4A1C-706E-451F-BE23-639938A6FBC8}.Debug|Any CPU.Build.0 = Debug|Any CPU
		{674D4A1C-706E-451F-BE23-639938A6FBC8}.Release|Any CPU.ActiveCfg = Release|Any CPU
		{674D4A1C-706E-451F-BE23-639938A6FBC8}.Release|Any CPU.Build.0 = Release|Any CPU
		{F8B96856-BCEA-42E6-9B21-D270CCFD8326}.Debug|Any CPU.ActiveCfg = Debug|Any CPU
		{F8B96856-BCEA-42E6-9B21-D270CCFD8326}.Debug|Any CPU.Build.0 = Debug|Any CPU
		{F8B96856-BCEA-42E6-9B21-D270CCFD8326}.Release|Any CPU.ActiveCfg = Release|Any CPU
		{F8B96856-BCEA-42E6-9B21-D270CCFD8326}.Release|Any CPU.Build.0 = Release|Any CPU
		{1C6B9D64-5738-4066-B8D0-4F6A5AE3E8A2}.Debug|Any CPU.ActiveCfg = Debug|Any CPU
		{1C6B9D64-5738-4066-B8D0-4F6A5AE3E8A2}.Debug|Any CPU.Build.0 = Debug|Any CPU
		{1C6B9D64-5738-4066-B8D0-4F6A5AE3E8A2}.Release|Any CPU.ActiveCfg = Release|Any CPU
		{1C6B9D64-5738-4066-B8D0-4F6A5AE3E8A2}.Release|Any CPU.Build.0 = Release|Any CPU
		{1FC9EF10-4265-4971-B824-D05E4E402405}.Debug|Any CPU.ActiveCfg = Debug|Any CPU
		{1FC9EF10-4265-4971-B824-D05E4E402405}.Debug|Any CPU.Build.0 = Debug|Any CPU
		{1FC9EF10-4265-4971-B824-D05E4E402405}.Release|Any CPU.ActiveCfg = Release|Any CPU
		{1FC9EF10-4265-4971-B824-D05E4E402405}.Release|Any CPU.Build.0 = Release|Any CPU
	EndGlobalSection
	GlobalSection(SolutionProperties) = preSolution
		HideSolutionNode = FALSE
	EndGlobalSection
	GlobalSection(NestedProjects) = preSolution
		{A441D942-555A-4DFA-975F-9F3857B69849} = {8038029D-9DD0-478E-B1FA-C19831A33730}
		{2A797592-011D-4BC2-9648-FA18D2A58A81} = {E8E8C215-D46C-4502-AB94-DE7D2E7E6C0C}
		{674D4A1C-706E-451F-BE23-639938A6FBC8} = {CC3617AF-8633-4DB4-ADC8-5C8D9C28F923}
		{F8B96856-BCEA-42E6-9B21-D270CCFD8326} = {0C2EC389-321B-48D2-A9E4-09178B3AFBC3}
		{1C6B9D64-5738-4066-B8D0-4F6A5AE3E8A2} = {62967C54-C599-4372-B923-C57CE99312F2}
		{1FC9EF10-4265-4971-B824-D05E4E402405} = {C200314F-AFDF-4ABC-8B47-1E25B6EACE56}
	EndGlobalSection
	GlobalSection(ExtensibilityGlobals) = postSolution
		SolutionGuid = {680E91BA-91EB-4CE4-B277-59755ED627A0}
	EndGlobalSection
EndGlobal
